
Microsoft Visual Studio Solution File, Format Version 12.00
# Visual Studio 14
VisualStudioVersion = 14.0.24720.0
MinimumVisualStudioVersion = 10.0.40219.1
Project("{FAE04EC0-301F-11D3-BF4B-00C04F79EFBC}") = "AzureCDTest", "AzureCDTest\AzureCDTest.csproj", "{BC902147-7510-4C70-A6E3-320924476247}"
EndProject
Project("{2150E333-8FDC-42A3-9474-1A3956D46DE8}") = "PublishScripts", "PublishScripts", "{548BDEA2-1D6B-458F-94DB-70AC95D9BB6C}"
EndProject
Project("{2150E333-8FDC-42A3-9474-1A3956D46DE8}") = "Scripts", "Scripts", "{E73388B9-BD5A-4021-96AA-BAA10D0F5CFF}"
	ProjectSection(SolutionItems) = preProject
		PublishScripts\Scripts\Deploy-AzureResourceGroup.ps1 = PublishScripts\Scripts\Deploy-AzureResourceGroup.ps1
	EndProjectSection
EndProject
Project("{2150E333-8FDC-42A3-9474-1A3956D46DE8}") = "Templates", "Templates", "{A0EE3614-87C5-4F9C-BBF2-40E81BA10640}"
	ProjectSection(SolutionItems) = preProject
		PublishScripts\Templates\AzureCDTest.json = PublishScripts\Templates\AzureCDTest.json
		PublishScripts\Templates\AzureCDTest.param.dev.json = PublishScripts\Templates\AzureCDTest.param.dev.json
	EndProjectSection
EndProject
Global
	GlobalSection(SolutionConfigurationPlatforms) = preSolution
		Debug|Any CPU = Debug|Any CPU
		Release|Any CPU = Release|Any CPU
	EndGlobalSection
	GlobalSection(ProjectConfigurationPlatforms) = postSolution
		{BC902147-7510-4C70-A6E3-320924476247}.Debug|Any CPU.ActiveCfg = Debug|Any CPU
		{BC902147-7510-4C70-A6E3-320924476247}.Debug|Any CPU.Build.0 = Debug|Any CPU
		{BC902147-7510-4C70-A6E3-320924476247}.Release|Any CPU.ActiveCfg = Release|Any CPU
		{BC902147-7510-4C70-A6E3-320924476247}.Release|Any CPU.Build.0 = Release|Any CPU
	EndGlobalSection
	GlobalSection(SolutionProperties) = preSolution
		HideSolutionNode = FALSE
	EndGlobalSection
	GlobalSection(NestedProjects) = preSolution
		{E73388B9-BD5A-4021-96AA-BAA10D0F5CFF} = {548BDEA2-1D6B-458F-94DB-70AC95D9BB6C}
		{A0EE3614-87C5-4F9C-BBF2-40E81BA10640} = {548BDEA2-1D6B-458F-94DB-70AC95D9BB6C}
	EndGlobalSection
EndGlobal
